{
  "name": "dynamodb-json",
  "version": "0.0.1",
  "lockfileVersion": 2,
  "requires": true,
  "packages": {
    "": {
      "name": "dynamodb-json",
      "version": "0.0.1",
      "license": "Apache-2.0",
      "dependencies": {
        "@aws-sdk/util-dynamodb": "^3.293.0"
      },
      "bin": {
        "dynamodb-json": "executable.js"
      }
    },
    "node_modules/@aws-sdk/util-dynamodb": {
      "version": "3.293.0",
      "resolved": "https://registry.npmjs.org/@aws-sdk/util-dynamodb/-/util-dynamodb-3.293.0.tgz",
      "integrity": "sha512-Y+BnnzxEMOFRwcKhB8PxJqte+SSsXytSi+5U9Bwl9+wGclPBLUg2a4YZktjVbrP9wZcH7zCnvzFf9QvU/WbcgA==",
      "dependencies": {
        "tslib": "^2.3.1"
      },
      "engines": {
        "node": ">=14.0.0"
      }
    },
    "node_modules/tslib": {
      "version": "2.5.0",
      "resolved": "https://registry.npmjs.org/tslib/-/tslib-2.5.0.tgz",
      "integrity": "sha512-336iVw3rtn2BUK7ORdIAHTyxHGRIHVReokCR3XjbckJMK7ms8FysBfhLR8IXnAgy7T0PTPNBWKiH514FOW/WSg=="
    }
  },
  "dependencies": {
    "@aws-sdk/util-dynamodb": {
      "version": "3.293.0",
      "resolved": "https://registry.npmjs.org/@aws-sdk/util-dynamodb/-/util-dynamodb-3.293.0.tgz",
      "integrity": "sha512-Y+BnnzxEMOFRwcKhB8PxJqte+SSsXytSi+5U9Bwl9+wGclPBLUg2a4YZktjVbrP9wZcH7zCnvzFf9QvU/WbcgA==",
      "requires": {
        "tslib": "^2.3.1"
      }
    },
    "tslib": {
      "version": "2.5.0",
      "resolved": "https://registry.npmjs.org/tslib/-/tslib-2.5.0.tgz",
      "integrity": "sha512-336iVw3rtn2BUK7ORdIAHTyxHGRIHVReokCR3XjbckJMK7ms8FysBfhLR8IXnAgy7T0PTPNBWKiH514FOW/WSg=="
    }
  }
}
